// !$*UTF8*$!
{
	archiveVersion = 1;
	classes = {
	};
	objectVersion = 56;
	objects = {

/* Begin PBXBuildFile section */
		B9013D252C33141000700932 /* NotificationLikeTableViewCell.swift in Sources */ = {isa = PBXBuildFile; fileRef = B9013D232C33141000700932 /* NotificationLikeTableViewCell.swift */; };
		B9013D262C33141000700932 /* NotificationLikeTableViewCell.xib in Resources */ = {isa = PBXBuildFile; fileRef = B9013D242C33141000700932 /* NotificationLikeTableViewCell.xib */; };
		B90B78012D12DAC100BE8EF6 /* ToggleTableViewCell.swift in Sources */ = {isa = PBXBuildFile; fileRef = B90B77FF2D12DAC100BE8EF6 /* ToggleTableViewCell.swift */; };
		B90B78022D12DAC100BE8EF6 /* ToggleTableViewCell.xib in Resources */ = {isa = PBXBuildFile; fileRef = B90B78002D12DAC100BE8EF6 /* ToggleTableViewCell.xib */; };
		B90B78062D13099400BE8EF6 /* SettingsSimpleTableViewCell.swift in Sources */ = {isa = PBXBuildFile; fileRef = B90B78042D13099400BE8EF6 /* SettingsSimpleTableViewCell.swift */; };
		B90B78072D13099400BE8EF6 /* SettingsSimpleTableViewCell.xib in Resources */ = {isa = PBXBuildFile; fileRef = B90B78052D13099400BE8EF6 /* SettingsSimpleTableViewCell.xib */; };
		B913009A2D0F10190023324A /* OTPViewController.swift in Sources */ = {isa = PBXBuildFile; fileRef = B91300992D0F10190023324A /* OTPViewController.swift */; };
		B9152F062C314780006B22D6 /* ProfileHeaderCollectionReusableView.xib in Resources */ = {isa = PBXBuildFile; fileRef = B9152F052C314780006B22D6 /* ProfileHeaderCollectionReusableView.xib */; };
		B9152F072C314780006B22D6 /* ProfileHeaderCollectionReusableView.swift in Sources */ = {isa = PBXBuildFile; fileRef = B9152F042C314780006B22D6 /* ProfileHeaderCollectionReusableView.swift */; };
		B9152F0D2C315209006B22D6 /* ProfileTabsCollectionReusableView.xib in Resources */ = {isa = PBXBuildFile; fileRef = B9152F0C2C315209006B22D6 /* ProfileTabsCollectionReusableView.xib */; };
		B9152F0E2C315209006B22D6 /* ProfileTabsCollectionReusableView.swift in Sources */ = {isa = PBXBuildFile; fileRef = B9152F0B2C315209006B22D6 /* ProfileTabsCollectionReusableView.swift */; };
		B91861072C4050D000EE8BF7 /* CreatePostViewController.swift in Sources */ = {isa = PBXBuildFile; fileRef = B91861052C4050D000EE8BF7 /* CreatePostViewController.swift */; };
		B91B507A2C21A61200DC212E /* AppDelegate.swift in Sources */ = {isa = PBXBuildFile; fileRef = B91B50792C21A61200DC212E /* AppDelegate.swift */; };
		B91B507C2C21A61200DC212E /* SceneDelegate.swift in Sources */ = {isa = PBXBuildFile; fileRef = B91B507B2C21A61200DC212E /* SceneDelegate.swift */; };
		B91B507E2C21A61200DC212E /* HomeViewController.swift in Sources */ = {isa = PBXBuildFile; fileRef = B91B507D2C21A61200DC212E /* HomeViewController.swift */; };
		B91B50812C21A61200DC212E /* Base in Resources */ = {isa = PBXBuildFile; fileRef = B91B50802C21A61200DC212E /* Base */; };
		B91B50832C21A61300DC212E /* Assets.xcassets in Resources */ = {isa = PBXBuildFile; fileRef = B91B50822C21A61300DC212E /* Assets.xcassets */; };
		B91B50862C21A61300DC212E /* Base in Resources */ = {isa = PBXBuildFile; fileRef = B91B50852C21A61300DC212E /* Base */; };
		B91B50932C21A7C800DC212E /* ExploreViewController.swift in Sources */ = {isa = PBXBuildFile; fileRef = B91B50922C21A7C800DC212E /* ExploreViewController.swift */; };
		B91B50952C21A7ED00DC212E /* UploadMediaViewController.swift in Sources */ = {isa = PBXBuildFile; fileRef = B91B50942C21A7ED00DC212E /* UploadMediaViewController.swift */; };
		B91B50972C21A7F800DC212E /* NotificationsViewController.swift in Sources */ = {isa = PBXBuildFile; fileRef = B91B50962C21A7F800DC212E /* NotificationsViewController.swift */; };
		B91B50992C21A80200DC212E /* ProfileViewController.swift in Sources */ = {isa = PBXBuildFile; fileRef = B91B50982C21A80200DC212E /* ProfileViewController.swift */; };
		B91B509E2C21A90400DC212E /* LoginViewController.swift in Sources */ = {isa = PBXBuildFile; fileRef = B91B509D2C21A90400DC212E /* LoginViewController.swift */; };
		B91B50A02C21A90F00DC212E /* RegisterViewController.swift in Sources */ = {isa = PBXBuildFile; fileRef = B91B509F2C21A90F00DC212E /* RegisterViewController.swift */; };
		B91B50A22C21A93300DC212E /* PostViewController.swift in Sources */ = {isa = PBXBuildFile; fileRef = B91B50A12C21A93300DC212E /* PostViewController.swift */; };
		B91B50A42C21A96800DC212E /* EditProfileViewController.swift in Sources */ = {isa = PBXBuildFile; fileRef = B91B50A32C21A96800DC212E /* EditProfileViewController.swift */; };
		B91B50A62C21A98900DC212E /* SettingsViewController.swift in Sources */ = {isa = PBXBuildFile; fileRef = B91B50A52C21A98900DC212E /* SettingsViewController.swift */; };
		B91B50A82C21A99600DC212E /* ListViewController.swift in Sources */ = {isa = PBXBuildFile; fileRef = B91B50A72C21A99600DC212E /* ListViewController.swift */; };
		B91B50AC2C21A9CC00DC212E /* SearchResultViewController.swift in Sources */ = {isa = PBXBuildFile; fileRef = B91B50AB2C21A9CC00DC212E /* SearchResultViewController.swift */; };
		B92505622D059D17009F9D46 /* ViewUserProfileTabsCollectionReusableView.swift in Sources */ = {isa = PBXBuildFile; fileRef = B92505602D059D17009F9D46 /* ViewUserProfileTabsCollectionReusableView.swift */; };
		B92505632D059D17009F9D46 /* ViewUserProfileTabsCollectionReusableView.xib in Resources */ = {isa = PBXBuildFile; fileRef = B92505612D059D17009F9D46 /* ViewUserProfileTabsCollectionReusableView.xib */; };
		B930612C2C246B5B001AA2A2 /* SettingsModel.swift in Sources */ = {isa = PBXBuildFile; fileRef = B930612B2C246B5B001AA2A2 /* SettingsModel.swift */; };
		B933BD7A2C3BFA9E008D887D /* PostHeaderTableViewCell.swift in Sources */ = {isa = PBXBuildFile; fileRef = B933BD782C3BFA9E008D887D /* PostHeaderTableViewCell.swift */; };
		B933BD7B2C3BFA9E008D887D /* PostHeaderTableViewCell.xib in Resources */ = {isa = PBXBuildFile; fileRef = B933BD792C3BFA9E008D887D /* PostHeaderTableViewCell.xib */; };
		B933BD7E2C3BFACF008D887D /* PostActionsTableViewCell.swift in Sources */ = {isa = PBXBuildFile; fileRef = B933BD7C2C3BFACF008D887D /* PostActionsTableViewCell.swift */; };
		B933BD7F2C3BFACF008D887D /* PostActionsTableViewCell.xib in Resources */ = {isa = PBXBuildFile; fileRef = B933BD7D2C3BFACF008D887D /* PostActionsTableViewCell.xib */; };
		B933BD822C3BFADF008D887D /* PostGeneralTableViewCell.swift in Sources */ = {isa = PBXBuildFile; fileRef = B933BD802C3BFADF008D887D /* PostGeneralTableViewCell.swift */; };
		B933BD832C3BFADF008D887D /* PostGeneralTableViewCell.xib in Resources */ = {isa = PBXBuildFile; fileRef = B933BD812C3BFADF008D887D /* PostGeneralTableViewCell.xib */; };
		B933BD862C3BFB9F008D887D /* PostTableViewCell.swift in Sources */ = {isa = PBXBuildFile; fileRef = B933BD842C3BFB9F008D887D /* PostTableViewCell.swift */; };
		B933BD872C3BFB9F008D887D /* PostTableViewCell.xib in Resources */ = {isa = PBXBuildFile; fileRef = B933BD852C3BFB9F008D887D /* PostTableViewCell.xib */; };
		B933BD8B2C3BFEB1008D887D /* PostRenderViewModel.swift in Sources */ = {isa = PBXBuildFile; fileRef = B933BD8A2C3BFEB1008D887D /* PostRenderViewModel.swift */; };
		B9358FEE2C63B7180026AFA0 /* UserDataManager.swift in Sources */ = {isa = PBXBuildFile; fileRef = B9358FED2C63B7180026AFA0 /* UserDataManager.swift */; };
		B9358FF52C63BD950026AFA0 /* UserProfileHeaderCollectionReusableView.swift in Sources */ = {isa = PBXBuildFile; fileRef = B9358FF22C63BD950026AFA0 /* UserProfileHeaderCollectionReusableView.swift */; };
		B9358FF72C63BF250026AFA0 /* UserProfileHeaderCollectionReusableView.xib in Resources */ = {isa = PBXBuildFile; fileRef = B9358FF62C63BF250026AFA0 /* UserProfileHeaderCollectionReusableView.xib */; };
		B943576A2C22EF5F00F52238 /* IQKeyboardManagerSwift in Frameworks */ = {isa = PBXBuildFile; productRef = B94357692C22EF5F00F52238 /* IQKeyboardManagerSwift */; };
		B94DF7452C260E0B00C8EE94 /* FormTableViewCell.xib in Resources */ = {isa = PBXBuildFile; fileRef = B94DF7442C260E0B00C8EE94 /* FormTableViewCell.xib */; };
		B94DF7462C260E0B00C8EE94 /* FormTableViewCell.swift in Sources */ = {isa = PBXBuildFile; fileRef = B94DF7432C260E0B00C8EE94 /* FormTableViewCell.swift */; };
		B94F80262C63AE4700D46349 /* UserProfileViewController.swift in Sources */ = {isa = PBXBuildFile; fileRef = B94F80252C63AE4700D46349 /* UserProfileViewController.swift */; };
		B959C4F12C2A1494001C106E /* ListTableViewCell.xib in Resources */ = {isa = PBXBuildFile; fileRef = B959C4F02C2A1494001C106E /* ListTableViewCell.xib */; };
		B959C4F22C2A1494001C106E /* ListTableViewCell.swift in Sources */ = {isa = PBXBuildFile; fileRef = B959C4EF2C2A1494001C106E /* ListTableViewCell.swift */; };
		B95DABCE2C22E34C00BB478F /* Constants.swift in Sources */ = {isa = PBXBuildFile; fileRef = B95DABCD2C22E34C00BB478F /* Constants.swift */; };
		B96096CB2C64FF30007F55C6 /* FirebaseMessaging in Frameworks */ = {isa = PBXBuildFile; productRef = B96096CA2C64FF30007F55C6 /* FirebaseMessaging */; };
		B96230932C2B55990034F64A /* BrevoManager.swift in Sources */ = {isa = PBXBuildFile; fileRef = B96230922C2B55990034F64A /* BrevoManager.swift */; };
		B96C7CD72C343CDC00D5FAB5 /* NotificationFollowTableViewCell.xib in Resources */ = {isa = PBXBuildFile; fileRef = B96C7CD62C343CDC00D5FAB5 /* NotificationFollowTableViewCell.xib */; };
		B96C7CD82C343CDC00D5FAB5 /* NotificationFollowTableViewCell.swift in Sources */ = {isa = PBXBuildFile; fileRef = B96C7CD52C343CDC00D5FAB5 /* NotificationFollowTableViewCell.swift */; };
		B97AC6B12C3EB820004C175E /* HomeCommentsTableViewCell.swift in Sources */ = {isa = PBXBuildFile; fileRef = B97AC6AF2C3EB820004C175E /* HomeCommentsTableViewCell.swift */; };
		B97AC6B22C3EB820004C175E /* HomeCommentsTableViewCell.xib in Resources */ = {isa = PBXBuildFile; fileRef = B97AC6B02C3EB820004C175E /* HomeCommentsTableViewCell.xib */; };
		B97AC6B92C3EC66F004C175E /* PostCaptionTableViewCell.swift in Sources */ = {isa = PBXBuildFile; fileRef = B97AC6B72C3EC66F004C175E /* PostCaptionTableViewCell.swift */; };
		B97AC6BA2C3EC66F004C175E /* PostCaptionTableViewCell.xib in Resources */ = {isa = PBXBuildFile; fileRef = B97AC6B82C3EC66F004C175E /* PostCaptionTableViewCell.xib */; };
		B97E45FD2C3FD93700EB274E /* CommentsHeaderTableViewCell.swift in Sources */ = {isa = PBXBuildFile; fileRef = B97E45FB2C3FD93700EB274E /* CommentsHeaderTableViewCell.swift */; };
		B97E45FE2C3FD93700EB274E /* CommentsHeaderTableViewCell.xib in Resources */ = {isa = PBXBuildFile; fileRef = B97E45FC2C3FD93700EB274E /* CommentsHeaderTableViewCell.xib */; };
		B97EE49F2C277BAC00B3CF6F /* UserModel.swift in Sources */ = {isa = PBXBuildFile; fileRef = B97EE49E2C277BAC00B3CF6F /* UserModel.swift */; };
		B98194D12C21B08100C7D62C /* FirebaseAnalytics in Frameworks */ = {isa = PBXBuildFile; productRef = B98194D02C21B08100C7D62C /* FirebaseAnalytics */; };
		B98194D32C21B08100C7D62C /* FirebaseAuth in Frameworks */ = {isa = PBXBuildFile; productRef = B98194D22C21B08100C7D62C /* FirebaseAuth */; };
		B98194D52C21B08100C7D62C /* FirebaseCrashlytics in Frameworks */ = {isa = PBXBuildFile; productRef = B98194D42C21B08100C7D62C /* FirebaseCrashlytics */; };
		B98194D72C21B08100C7D62C /* FirebaseDatabase in Frameworks */ = {isa = PBXBuildFile; productRef = B98194D62C21B08100C7D62C /* FirebaseDatabase */; };
		B98194D92C21B10600C7D62C /* GoogleService-Info.plist in Resources */ = {isa = PBXBuildFile; fileRef = B98194D82C21B10600C7D62C /* GoogleService-Info.plist */; };
		B98194DC2C21B65600C7D62C /* DatabaseManager.swift in Sources */ = {isa = PBXBuildFile; fileRef = B98194DB2C21B65600C7D62C /* DatabaseManager.swift */; };
		B984836F2C24C4AE003570F3 /* SplashScreenViewController.swift in Sources */ = {isa = PBXBuildFile; fileRef = B984836E2C24C4AE003570F3 /* SplashScreenViewController.swift */; };
		B98B4DA82C3F17DB0020B9E6 /* CommentsViewController.swift in Sources */ = {isa = PBXBuildFile; fileRef = B98B4DA72C3F17DB0020B9E6 /* CommentsViewController.swift */; };
		B98FC0652C2815E5002B9194 /* ProfileCollectionViewCell.xib in Resources */ = {isa = PBXBuildFile; fileRef = B98FC0642C2815E5002B9194 /* ProfileCollectionViewCell.xib */; };
		B98FC0662C2815E5002B9194 /* ProfileCollectionViewCell.swift in Sources */ = {isa = PBXBuildFile; fileRef = B98FC0632C2815E5002B9194 /* ProfileCollectionViewCell.swift */; };
		B98FC0692C2817BB002B9194 /* SDWebImage in Frameworks */ = {isa = PBXBuildFile; productRef = B98FC0682C2817BB002B9194 /* SDWebImage */; };
		B98FC06B2C2817BB002B9194 /* SDWebImageMapKit in Frameworks */ = {isa = PBXBuildFile; productRef = B98FC06A2C2817BB002B9194 /* SDWebImageMapKit */; };
		B98FC06D2C2830D7002B9194 /* FirebaseStorage in Frameworks */ = {isa = PBXBuildFile; productRef = B98FC06C2C2830D7002B9194 /* FirebaseStorage */; };
		B9907BE12C2E81D800984BB3 /* EmailModel.swift in Sources */ = {isa = PBXBuildFile; fileRef = B9907BE02C2E81D800984BB3 /* EmailModel.swift */; };
		B99085D42C469B7B00605D25 /* SkeletonView in Frameworks */ = {isa = PBXBuildFile; productRef = B99085D32C469B7B00605D25 /* SkeletonView */; };
		B9951C822C64C6E600242FA6 /* SearchResultTableViewCell.xib in Resources */ = {isa = PBXBuildFile; fileRef = B9951C812C64C6E600242FA6 /* SearchResultTableViewCell.xib */; };
		B9951C832C64C6E600242FA6 /* SearchResultTableViewCell.swift in Sources */ = {isa = PBXBuildFile; fileRef = B9951C802C64C6E600242FA6 /* SearchResultTableViewCell.swift */; };
		B99B43282D0D55970023B308 /* NoPostsYetCollectionReusableView.xib in Resources */ = {isa = PBXBuildFile; fileRef = B99B43272D0D55970023B308 /* NoPostsYetCollectionReusableView.xib */; };
		B99B43292D0D55970023B308 /* NoPostsYetCollectionReusableView.swift in Sources */ = {isa = PBXBuildFile; fileRef = B99B43262D0D55970023B308 /* NoPostsYetCollectionReusableView.swift */; };
		B9A2E5A12D112E98002BB0DA /* OTPEmailModel.swift in Sources */ = {isa = PBXBuildFile; fileRef = B9A2E5A02D112E98002BB0DA /* OTPEmailModel.swift */; };
		B9A2E5A32D114E3A002BB0DA /* OTPManager.swift in Sources */ = {isa = PBXBuildFile; fileRef = B9A2E5A22D114E3A002BB0DA /* OTPManager.swift */; };
		B9AA62832C26077C00D35CD8 /* EditProfileFormModel.swift in Sources */ = {isa = PBXBuildFile; fileRef = B9AA62822C26077C00D35CD8 /* EditProfileFormModel.swift */; };
		B9AE67062D1192EC00148A24 /* PasswordManager.swift in Sources */ = {isa = PBXBuildFile; fileRef = B9AE67052D1192EC00148A24 /* PasswordManager.swift */; };
		B9BB8EB12C43C15B00AD3CEC /* CurrentUserDataManager.swift in Sources */ = {isa = PBXBuildFile; fileRef = B9BB8EB02C43C15B00AD3CEC /* CurrentUserDataManager.swift */; };
		B9BCCA952C3969AC0027405B /* UserNotificationModel.swift in Sources */ = {isa = PBXBuildFile; fileRef = B9BCCA942C3969AC0027405B /* UserNotificationModel.swift */; };
		B9C237452C235D7E00AAE120 /* FirebaseFirestore in Frameworks */ = {isa = PBXBuildFile; productRef = B9C237442C235D7E00AAE120 /* FirebaseFirestore */; };
		B9CADB762C3E6B900023B7E8 /* PostLikesTableViewCell.xib in Resources */ = {isa = PBXBuildFile; fileRef = B9CADB752C3E6B900023B7E8 /* PostLikesTableViewCell.xib */; };
		B9CADB772C3E6B900023B7E8 /* PostLikesTableViewCell.swift in Sources */ = {isa = PBXBuildFile; fileRef = B9CADB742C3E6B900023B7E8 /* PostLikesTableViewCell.swift */; };
		B9D2456B2D0F391D00AAF574 /* OTPTextField.swift in Sources */ = {isa = PBXBuildFile; fileRef = B9D2456A2D0F391D00AAF574 /* OTPTextField.swift */; };
		B9DE03CC2C3C2B3B00662FFE /* HomeLogoTableViewCell.xib in Resources */ = {isa = PBXBuildFile; fileRef = B9DE03CB2C3C2B3B00662FFE /* HomeLogoTableViewCell.xib */; };
		B9DE03CD2C3C2B3B00662FFE /* HomeLogoTableViewCell.swift in Sources */ = {isa = PBXBuildFile; fileRef = B9DE03CA2C3C2B3B00662FFE /* HomeLogoTableViewCell.swift */; };
		B9DE03CF2C3C358100662FFE /* HomeRenderViewModel.swift in Sources */ = {isa = PBXBuildFile; fileRef = B9DE03CE2C3C358100662FFE /* HomeRenderViewModel.swift */; };
		B9E2B7F92C2B75C300023DE8 /* Brevo.swift in Sources */ = {isa = PBXBuildFile; fileRef = B9E2B7F82C2B75C300023DE8 /* Brevo.swift */; };
		B9ED55942C21B72200CC9D35 /* AuthManager.swift in Sources */ = {isa = PBXBuildFile; fileRef = B9ED55932C21B72200CC9D35 /* AuthManager.swift */; };
		B9ED55962C21B77E00CC9D35 /* StorageManager.swift in Sources */ = {isa = PBXBuildFile; fileRef = B9ED55952C21B77E00CC9D35 /* StorageManager.swift */; };
		B9F16B3F2C401B28002497D7 /* UploadMediaCollectionViewCell.swift in Sources */ = {isa = PBXBuildFile; fileRef = B9F16B3D2C401B28002497D7 /* UploadMediaCollectionViewCell.swift */; };
		B9F16B402C401B28002497D7 /* UploadMediaCollectionViewCell.xib in Resources */ = {isa = PBXBuildFile; fileRef = B9F16B3E2C401B28002497D7 /* UploadMediaCollectionViewCell.xib */; };
		B9F2535B2C4A1F3D00107CF6 /* NVActivityIndicatorView in Frameworks */ = {isa = PBXBuildFile; productRef = B9F2535A2C4A1F3D00107CF6 /* NVActivityIndicatorView */; };
		B9F2535D2C4A1F3D00107CF6 /* NVActivityIndicatorViewExtended in Frameworks */ = {isa = PBXBuildFile; productRef = B9F2535C2C4A1F3D00107CF6 /* NVActivityIndicatorViewExtended */; };
/* End PBXBuildFile section */

/* Begin PBXFileReference section */
		B9013D232C33141000700932 /* NotificationLikeTableViewCell.swift */ = {isa = PBXFileReference; lastKnownFileType = sourcecode.swift; path = NotificationLikeTableViewCell.swift; sourceTree = "<group>"; };
		B9013D242C33141000700932 /* NotificationLikeTableViewCell.xib */ = {isa = PBXFileReference; lastKnownFileType = file.xib; path = NotificationLikeTableViewCell.xib; sourceTree = "<group>"; };
		B90B77FF2D12DAC100BE8EF6 /* ToggleTableViewCell.swift */ = {isa = PBXFileReference; lastKnownFileType = sourcecode.swift; path = ToggleTableViewCell.swift; sourceTree = "<group>"; };
		B90B78002D12DAC100BE8EF6 /* ToggleTableViewCell.xib */ = {isa = PBXFileReference; lastKnownFileType = file.xib; path = ToggleTableViewCell.xib; sourceTree = "<group>"; };
		B90B78042D13099400BE8EF6 /* SettingsSimpleTableViewCell.swift */ = {isa = PBXFileReference; lastKnownFileType = sourcecode.swift; path = SettingsSimpleTableViewCell.swift; sourceTree = "<group>"; };
		B90B78052D13099400BE8EF6 /* SettingsSimpleTableViewCell.xib */ = {isa = PBXFileReference; lastKnownFileType = file.xib; path = SettingsSimpleTableViewCell.xib; sourceTree = "<group>"; };
		B91300992D0F10190023324A /* OTPViewController.swift */ = {isa = PBXFileReference; lastKnownFileType = sourcecode.swift; path = OTPViewController.swift; sourceTree = "<group>"; };
		B9152F042C314780006B22D6 /* ProfileHeaderCollectionReusableView.swift */ = {isa = PBXFileReference; lastKnownFileType = sourcecode.swift; path = ProfileHeaderCollectionReusableView.swift; sourceTree = "<group>"; };
		B9152F052C314780006B22D6 /* ProfileHeaderCollectionReusableView.xib */ = {isa = PBXFileReference; lastKnownFileType = file.xib; path = ProfileHeaderCollectionReusableView.xib; sourceTree = "<group>"; };
		B9152F0B2C315209006B22D6 /* ProfileTabsCollectionReusableView.swift */ = {isa = PBXFileReference; lastKnownFileType = sourcecode.swift; path = ProfileTabsCollectionReusableView.swift; sourceTree = "<group>"; };
		B9152F0C2C315209006B22D6 /* ProfileTabsCollectionReusableView.xib */ = {isa = PBXFileReference; lastKnownFileType = file.xib; path = ProfileTabsCollectionReusableView.xib; sourceTree = "<group>"; };
		B91861052C4050D000EE8BF7 /* CreatePostViewController.swift */ = {isa = PBXFileReference; lastKnownFileType = sourcecode.swift; path = CreatePostViewController.swift; sourceTree = "<group>"; };
		B91B50762C21A61200DC212E /* Zephyr.app */ = {isa = PBXFileReference; explicitFileType = wrapper.application; includeInIndex = 0; path = Zephyr.app; sourceTree = BUILT_PRODUCTS_DIR; };
		B91B50792C21A61200DC212E /* AppDelegate.swift */ = {isa = PBXFileReference; lastKnownFileType = sourcecode.swift; path = AppDelegate.swift; sourceTree = "<group>"; };
		B91B507B2C21A61200DC212E /* SceneDelegate.swift */ = {isa = PBXFileReference; lastKnownFileType = sourcecode.swift; path = SceneDelegate.swift; sourceTree = "<group>"; };
		B91B507D2C21A61200DC212E /* HomeViewController.swift */ = {isa = PBXFileReference; lastKnownFileType = sourcecode.swift; path = HomeViewController.swift; sourceTree = "<group>"; };
		B91B50802C21A61200DC212E /* Base */ = {isa = PBXFileReference; lastKnownFileType = file.storyboard; name = Base; path = Base.lproj/Main.storyboard; sourceTree = "<group>"; };
		B91B50822C21A61300DC212E /* Assets.xcassets */ = {isa = PBXFileReference; lastKnownFileType = folder.assetcatalog; path = Assets.xcassets; sourceTree = "<group>"; };
		B91B50852C21A61300DC212E /* Base */ = {isa = PBXFileReference; lastKnownFileType = file.storyboard; name = Base; path = Base.lproj/LaunchScreen.storyboard; sourceTree = "<group>"; };
		B91B50872C21A61300DC212E /* Info.plist */ = {isa = PBXFileReference; lastKnownFileType = text.plist.xml; path = Info.plist; sourceTree = "<group>"; };
		B91B50922C21A7C800DC212E /* ExploreViewController.swift */ = {isa = PBXFileReference; lastKnownFileType = sourcecode.swift; path = ExploreViewController.swift; sourceTree = "<group>"; };
		B91B50942C21A7ED00DC212E /* UploadMediaViewController.swift */ = {isa = PBXFileReference; lastKnownFileType = sourcecode.swift; path = UploadMediaViewController.swift; sourceTree = "<group>"; };
		B91B50962C21A7F800DC212E /* NotificationsViewController.swift */ = {isa = PBXFileReference; lastKnownFileType = sourcecode.swift; path = NotificationsViewController.swift; sourceTree = "<group>"; };
		B91B50982C21A80200DC212E /* ProfileViewController.swift */ = {isa = PBXFileReference; lastKnownFileType = sourcecode.swift; path = ProfileViewController.swift; sourceTree = "<group>"; };
		B91B509D2C21A90400DC212E /* LoginViewController.swift */ = {isa = PBXFileReference; lastKnownFileType = sourcecode.swift; path = LoginViewController.swift; sourceTree = "<group>"; };
		B91B509F2C21A90F00DC212E /* RegisterViewController.swift */ = {isa = PBXFileReference; lastKnownFileType = sourcecode.swift; path = RegisterViewController.swift; sourceTree = "<group>"; };
		B91B50A12C21A93300DC212E /* PostViewController.swift */ = {isa = PBXFileReference; lastKnownFileType = sourcecode.swift; path = PostViewController.swift; sourceTree = "<group>"; };
		B91B50A32C21A96800DC212E /* EditProfileViewController.swift */ = {isa = PBXFileReference; lastKnownFileType = sourcecode.swift; path = EditProfileViewController.swift; sourceTree = "<group>"; };
		B91B50A52C21A98900DC212E /* SettingsViewController.swift */ = {isa = PBXFileReference; lastKnownFileType = sourcecode.swift; path = SettingsViewController.swift; sourceTree = "<group>"; };
		B91B50A72C21A99600DC212E /* ListViewController.swift */ = {isa = PBXFileReference; lastKnownFileType = sourcecode.swift; path = ListViewController.swift; sourceTree = "<group>"; };
		B91B50AB2C21A9CC00DC212E /* SearchResultViewController.swift */ = {isa = PBXFileReference; lastKnownFileType = sourcecode.swift; path = SearchResultViewController.swift; sourceTree = "<group>"; };
		B92505602D059D17009F9D46 /* ViewUserProfileTabsCollectionReusableView.swift */ = {isa = PBXFileReference; lastKnownFileType = sourcecode.swift; path = ViewUserProfileTabsCollectionReusableView.swift; sourceTree = "<group>"; };
		B92505612D059D17009F9D46 /* ViewUserProfileTabsCollectionReusableView.xib */ = {isa = PBXFileReference; lastKnownFileType = file.xib; path = ViewUserProfileTabsCollectionReusableView.xib; sourceTree = "<group>"; };
		B930612B2C246B5B001AA2A2 /* SettingsModel.swift */ = {isa = PBXFileReference; lastKnownFileType = sourcecode.swift; path = SettingsModel.swift; sourceTree = "<group>"; };
		B933BD782C3BFA9E008D887D /* PostHeaderTableViewCell.swift */ = {isa = PBXFileReference; lastKnownFileType = sourcecode.swift; path = PostHeaderTableViewCell.swift; sourceTree = "<group>"; };
		B933BD792C3BFA9E008D887D /* PostHeaderTableViewCell.xib */ = {isa = PBXFileReference; lastKnownFileType = file.xib; path = PostHeaderTableViewCell.xib; sourceTree = "<group>"; };
		B933BD7C2C3BFACF008D887D /* PostActionsTableViewCell.swift */ = {isa = PBXFileReference; lastKnownFileType = sourcecode.swift; path = PostActionsTableViewCell.swift; sourceTree = "<group>"; };
		B933BD7D2C3BFACF008D887D /* PostActionsTableViewCell.xib */ = {isa = PBXFileReference; lastKnownFileType = file.xib; path = PostActionsTableViewCell.xib; sourceTree = "<group>"; };
		B933BD802C3BFADF008D887D /* PostGeneralTableViewCell.swift */ = {isa = PBXFileReference; lastKnownFileType = sourcecode.swift; path = PostGeneralTableViewCell.swift; sourceTree = "<group>"; };
		B933BD812C3BFADF008D887D /* PostGeneralTableViewCell.xib */ = {isa = PBXFileReference; lastKnownFileType = file.xib; path = PostGeneralTableViewCell.xib; sourceTree = "<group>"; };
		B933BD842C3BFB9F008D887D /* PostTableViewCell.swift */ = {isa = PBXFileReference; lastKnownFileType = sourcecode.swift; path = PostTableViewCell.swift; sourceTree = "<group>"; };
		B933BD852C3BFB9F008D887D /* PostTableViewCell.xib */ = {isa = PBXFileReference; lastKnownFileType = file.xib; path = PostTableViewCell.xib; sourceTree = "<group>"; };
		B933BD8A2C3BFEB1008D887D /* PostRenderViewModel.swift */ = {isa = PBXFileReference; lastKnownFileType = sourcecode.swift; path = PostRenderViewModel.swift; sourceTree = "<group>"; };
		B9358FED2C63B7180026AFA0 /* UserDataManager.swift */ = {isa = PBXFileReference; lastKnownFileType = sourcecode.swift; path = UserDataManager.swift; sourceTree = "<group>"; };
		B9358FF22C63BD950026AFA0 /* UserProfileHeaderCollectionReusableView.swift */ = {isa = PBXFileReference; lastKnownFileType = sourcecode.swift; path = UserProfileHeaderCollectionReusableView.swift; sourceTree = "<group>"; };
		B9358FF62C63BF250026AFA0 /* UserProfileHeaderCollectionReusableView.xib */ = {isa = PBXFileReference; fileEncoding = 4; lastKnownFileType = file.xib; path = UserProfileHeaderCollectionReusableView.xib; sourceTree = "<group>"; };
		B94DF7432C260E0B00C8EE94 /* FormTableViewCell.swift */ = {isa = PBXFileReference; lastKnownFileType = sourcecode.swift; path = FormTableViewCell.swift; sourceTree = "<group>"; };
		B94DF7442C260E0B00C8EE94 /* FormTableViewCell.xib */ = {isa = PBXFileReference; lastKnownFileType = file.xib; path = FormTableViewCell.xib; sourceTree = "<group>"; };
		B94F80252C63AE4700D46349 /* UserProfileViewController.swift */ = {isa = PBXFileReference; lastKnownFileType = sourcecode.swift; path = UserProfileViewController.swift; sourceTree = "<group>"; };
		B959C4EF2C2A1494001C106E /* ListTableViewCell.swift */ = {isa = PBXFileReference; lastKnownFileType = sourcecode.swift; path = ListTableViewCell.swift; sourceTree = "<group>"; };
		B959C4F02C2A1494001C106E /* ListTableViewCell.xib */ = {isa = PBXFileReference; lastKnownFileType = file.xib; path = ListTableViewCell.xib; sourceTree = "<group>"; };
		B95DABCD2C22E34C00BB478F /* Constants.swift */ = {isa = PBXFileReference; lastKnownFileType = sourcecode.swift; path = Constants.swift; sourceTree = "<group>"; };
		B96230922C2B55990034F64A /* BrevoManager.swift */ = {isa = PBXFileReference; lastKnownFileType = sourcecode.swift; path = BrevoManager.swift; sourceTree = "<group>"; };
		B96C7CD52C343CDC00D5FAB5 /* NotificationFollowTableViewCell.swift */ = {isa = PBXFileReference; lastKnownFileType = sourcecode.swift; path = NotificationFollowTableViewCell.swift; sourceTree = "<group>"; };
		B96C7CD62C343CDC00D5FAB5 /* NotificationFollowTableViewCell.xib */ = {isa = PBXFileReference; lastKnownFileType = file.xib; path = NotificationFollowTableViewCell.xib; sourceTree = "<group>"; };
		B97AC6AF2C3EB820004C175E /* HomeCommentsTableViewCell.swift */ = {isa = PBXFileReference; lastKnownFileType = sourcecode.swift; path = HomeCommentsTableViewCell.swift; sourceTree = "<group>"; };
		B97AC6B02C3EB820004C175E /* HomeCommentsTableViewCell.xib */ = {isa = PBXFileReference; lastKnownFileType = file.xib; path = HomeCommentsTableViewCell.xib; sourceTree = "<group>"; };
		B97AC6B72C3EC66F004C175E /* PostCaptionTableViewCell.swift */ = {isa = PBXFileReference; fileEncoding = 4; lastKnownFileType = sourcecode.swift; path = PostCaptionTableViewCell.swift; sourceTree = "<group>"; };
		B97AC6B82C3EC66F004C175E /* PostCaptionTableViewCell.xib */ = {isa = PBXFileReference; fileEncoding = 4; lastKnownFileType = file.xib; path = PostCaptionTableViewCell.xib; sourceTree = "<group>"; };
		B97E45FB2C3FD93700EB274E /* CommentsHeaderTableViewCell.swift */ = {isa = PBXFileReference; lastKnownFileType = sourcecode.swift; path = CommentsHeaderTableViewCell.swift; sourceTree = "<group>"; };
		B97E45FC2C3FD93700EB274E /* CommentsHeaderTableViewCell.xib */ = {isa = PBXFileReference; lastKnownFileType = file.xib; path = CommentsHeaderTableViewCell.xib; sourceTree = "<group>"; };
		B97EE49E2C277BAC00B3CF6F /* UserModel.swift */ = {isa = PBXFileReference; lastKnownFileType = sourcecode.swift; path = UserModel.swift; sourceTree = "<group>"; };
		B98194D82C21B10600C7D62C /* GoogleService-Info.plist */ = {isa = PBXFileReference; fileEncoding = 4; lastKnownFileType = text.plist.xml; path = "GoogleService-Info.plist"; sourceTree = "<group>"; };
		B98194DB2C21B65600C7D62C /* DatabaseManager.swift */ = {isa = PBXFileReference; lastKnownFileType = sourcecode.swift; path = DatabaseManager.swift; sourceTree = "<group>"; };
		B984836E2C24C4AE003570F3 /* SplashScreenViewController.swift */ = {isa = PBXFileReference; lastKnownFileType = sourcecode.swift; path = SplashScreenViewController.swift; sourceTree = "<group>"; };
		B98B4DA72C3F17DB0020B9E6 /* CommentsViewController.swift */ = {isa = PBXFileReference; lastKnownFileType = sourcecode.swift; path = CommentsViewController.swift; sourceTree = "<group>"; };
		B98FC0632C2815E5002B9194 /* ProfileCollectionViewCell.swift */ = {isa = PBXFileReference; lastKnownFileType = sourcecode.swift; path = ProfileCollectionViewCell.swift; sourceTree = "<group>"; };
		B98FC0642C2815E5002B9194 /* ProfileCollectionViewCell.xib */ = {isa = PBXFileReference; lastKnownFileType = file.xib; path = ProfileCollectionViewCell.xib; sourceTree = "<group>"; };
		B9907BE02C2E81D800984BB3 /* EmailModel.swift */ = {isa = PBXFileReference; lastKnownFileType = sourcecode.swift; path = EmailModel.swift; sourceTree = "<group>"; };
		B9951C802C64C6E600242FA6 /* SearchResultTableViewCell.swift */ = {isa = PBXFileReference; lastKnownFileType = sourcecode.swift; path = SearchResultTableViewCell.swift; sourceTree = "<group>"; };
		B9951C812C64C6E600242FA6 /* SearchResultTableViewCell.xib */ = {isa = PBXFileReference; lastKnownFileType = file.xib; path = SearchResultTableViewCell.xib; sourceTree = "<group>"; };
		B99B43262D0D55970023B308 /* NoPostsYetCollectionReusableView.swift */ = {isa = PBXFileReference; lastKnownFileType = sourcecode.swift; path = NoPostsYetCollectionReusableView.swift; sourceTree = "<group>"; };
		B99B43272D0D55970023B308 /* NoPostsYetCollectionReusableView.xib */ = {isa = PBXFileReference; lastKnownFileType = file.xib; path = NoPostsYetCollectionReusableView.xib; sourceTree = "<group>"; };
		B9A2E5A02D112E98002BB0DA /* OTPEmailModel.swift */ = {isa = PBXFileReference; lastKnownFileType = sourcecode.swift; path = OTPEmailModel.swift; sourceTree = "<group>"; };
		B9A2E5A22D114E3A002BB0DA /* OTPManager.swift */ = {isa = PBXFileReference; lastKnownFileType = sourcecode.swift; path = OTPManager.swift; sourceTree = "<group>"; };
		B9AA62822C26077C00D35CD8 /* EditProfileFormModel.swift */ = {isa = PBXFileReference; lastKnownFileType = sourcecode.swift; path = EditProfileFormModel.swift; sourceTree = "<group>"; };
		B9AE67052D1192EC00148A24 /* PasswordManager.swift */ = {isa = PBXFileReference; lastKnownFileType = sourcecode.swift; path = PasswordManager.swift; sourceTree = "<group>"; };
		B9BB8EB02C43C15B00AD3CEC /* CurrentUserDataManager.swift */ = {isa = PBXFileReference; lastKnownFileType = sourcecode.swift; path = CurrentUserDataManager.swift; sourceTree = "<group>"; };
		B9BCCA942C3969AC0027405B /* UserNotificationModel.swift */ = {isa = PBXFileReference; lastKnownFileType = sourcecode.swift; path = UserNotificationModel.swift; sourceTree = "<group>"; };
		B9CADB742C3E6B900023B7E8 /* PostLikesTableViewCell.swift */ = {isa = PBXFileReference; lastKnownFileType = sourcecode.swift; path = PostLikesTableViewCell.swift; sourceTree = "<group>"; };
		B9CADB752C3E6B900023B7E8 /* PostLikesTableViewCell.xib */ = {isa = PBXFileReference; lastKnownFileType = file.xib; path = PostLikesTableViewCell.xib; sourceTree = "<group>"; };
		B9D2456A2D0F391D00AAF574 /* OTPTextField.swift */ = {isa = PBXFileReference; lastKnownFileType = sourcecode.swift; path = OTPTextField.swift; sourceTree = "<group>"; };
		B9DE03CA2C3C2B3B00662FFE /* HomeLogoTableViewCell.swift */ = {isa = PBXFileReference; lastKnownFileType = sourcecode.swift; path = HomeLogoTableViewCell.swift; sourceTree = "<group>"; };
		B9DE03CB2C3C2B3B00662FFE /* HomeLogoTableViewCell.xib */ = {isa = PBXFileReference; lastKnownFileType = file.xib; path = HomeLogoTableViewCell.xib; sourceTree = "<group>"; };
		B9DE03CE2C3C358100662FFE /* HomeRenderViewModel.swift */ = {isa = PBXFileReference; lastKnownFileType = sourcecode.swift; path = HomeRenderViewModel.swift; sourceTree = "<group>"; };
		B9E2B7F82C2B75C300023DE8 /* Brevo.swift */ = {isa = PBXFileReference; lastKnownFileType = sourcecode.swift; path = Brevo.swift; sourceTree = "<group>"; };
		B9ED55932C21B72200CC9D35 /* AuthManager.swift */ = {isa = PBXFileReference; lastKnownFileType = sourcecode.swift; path = AuthManager.swift; sourceTree = "<group>"; };
		B9ED55952C21B77E00CC9D35 /* StorageManager.swift */ = {isa = PBXFileReference; lastKnownFileType = sourcecode.swift; path = StorageManager.swift; sourceTree = "<group>"; };
		B9F16B3D2C401B28002497D7 /* UploadMediaCollectionViewCell.swift */ = {isa = PBXFileReference; lastKnownFileType = sourcecode.swift; path = UploadMediaCollectionViewCell.swift; sourceTree = "<group>"; };
		B9F16B3E2C401B28002497D7 /* UploadMediaCollectionViewCell.xib */ = {isa = PBXFileReference; lastKnownFileType = file.xib; path = UploadMediaCollectionViewCell.xib; sourceTree = "<group>"; };
/* End PBXFileReference section */

/* Begin PBXFrameworksBuildPhase section */
		B91B50732C21A61200DC212E /* Frameworks */ = {
			isa = PBXFrameworksBuildPhase;
			buildActionMask = 2147483647;
			files = (
				B98194D52C21B08100C7D62C /* FirebaseCrashlytics in Frameworks */,
				B98FC06B2C2817BB002B9194 /* SDWebImageMapKit in Frameworks */,
				B98FC06D2C2830D7002B9194 /* FirebaseStorage in Frameworks */,
				B98194D12C21B08100C7D62C /* FirebaseAnalytics in Frameworks */,
				B99085D42C469B7B00605D25 /* SkeletonView in Frameworks */,
				B98FC0692C2817BB002B9194 /* SDWebImage in Frameworks */,
				B98194D72C21B08100C7D62C /* FirebaseDatabase in Frameworks */,
				B98194D32C21B08100C7D62C /* FirebaseAuth in Frameworks */,
				B96096CB2C64FF30007F55C6 /* FirebaseMessaging in Frameworks */,
				B9F2535B2C4A1F3D00107CF6 /* NVActivityIndicatorView in Frameworks */,
				B9F2535D2C4A1F3D00107CF6 /* NVActivityIndicatorViewExtended in Frameworks */,
				B943576A2C22EF5F00F52238 /* IQKeyboardManagerSwift in Frameworks */,
				B9C237452C235D7E00AAE120 /* FirebaseFirestore in Frameworks */,
			);
			runOnlyForDeploymentPostprocessing = 0;
		};
/* End PBXFrameworksBuildPhase section */

/* Begin PBXGroup section */
		B9013D272C33141900700932 /* Notifications */ = {
			isa = PBXGroup;
			children = (
				B9013D232C33141000700932 /* NotificationLikeTableViewCell.swift */,
				B9013D242C33141000700932 /* NotificationLikeTableViewCell.xib */,
				B96C7CD52C343CDC00D5FAB5 /* NotificationFollowTableViewCell.swift */,
				B96C7CD62C343CDC00D5FAB5 /* NotificationFollowTableViewCell.xib */,
			);
			path = Notifications;
			sourceTree = "<group>";
		};
		B90B78032D12DACE00BE8EF6 /* ToggleTableView */ = {
			isa = PBXGroup;
			children = (
				B90B77FF2D12DAC100BE8EF6 /* ToggleTableViewCell.swift */,
				B90B78002D12DAC100BE8EF6 /* ToggleTableViewCell.xib */,
			);
			path = ToggleTableView;
			sourceTree = "<group>";
		};
		B90B78082D13099900BE8EF6 /* SettingsSimple */ = {
			isa = PBXGroup;
			children = (
				B90B78042D13099400BE8EF6 /* SettingsSimpleTableViewCell.swift */,
				B90B78052D13099400BE8EF6 /* SettingsSimpleTableViewCell.xib */,
			);
			path = SettingsSimple;
			sourceTree = "<group>";
		};
		B9152F032C31473D006B22D6 /* ProfileHeader */ = {
			isa = PBXGroup;
			children = (
				B9152F042C314780006B22D6 /* ProfileHeaderCollectionReusableView.swift */,
				B9152F052C314780006B22D6 /* ProfileHeaderCollectionReusableView.xib */,
			);
			path = ProfileHeader;
			sourceTree = "<group>";
		};
		B9152F082C3151C7006B22D6 /* ProfileTabs */ = {
			isa = PBXGroup;
			children = (
				B9152F0B2C315209006B22D6 /* ProfileTabsCollectionReusableView.swift */,
				B9152F0C2C315209006B22D6 /* ProfileTabsCollectionReusableView.xib */,
				B92505602D059D17009F9D46 /* ViewUserProfileTabsCollectionReusableView.swift */,
				B92505612D059D17009F9D46 /* ViewUserProfileTabsCollectionReusableView.xib */,
			);
			path = ProfileTabs;
			sourceTree = "<group>";
		};
		B91B506D2C21A61200DC212E = {
			isa = PBXGroup;
			children = (
				B91B50782C21A61200DC212E /* Zephyr */,
				B91B50772C21A61200DC212E /* Products */,
			);
			sourceTree = "<group>";
		};
		B91B50772C21A61200DC212E /* Products */ = {
			isa = PBXGroup;
			children = (
				B91B50762C21A61200DC212E /* Zephyr.app */,
			);
			name = Products;
			sourceTree = "<group>";
		};
		B91B50782C21A61200DC212E /* Zephyr */ = {
			isa = PBXGroup;
			children = (
				B91B508D2C21A64400DC212E /* Resources */,
				B91B508E2C21A65500DC212E /* Models */,
				B91B508F2C21A66000DC212E /* Views */,
				B91B50902C21A66A00DC212E /* Controllers */,
				B91B50872C21A61300DC212E /* Info.plist */,
				B95DABCD2C22E34C00BB478F /* Constants.swift */,
			);
			path = Zephyr;
			sourceTree = "<group>";
		};
		B91B508D2C21A64400DC212E /* Resources */ = {
			isa = PBXGroup;
			children = (
				B98194D82C21B10600C7D62C /* GoogleService-Info.plist */,
				B91B50792C21A61200DC212E /* AppDelegate.swift */,
				B91B507B2C21A61200DC212E /* SceneDelegate.swift */,
				B98194DB2C21B65600C7D62C /* DatabaseManager.swift */,
				B9ED55932C21B72200CC9D35 /* AuthManager.swift */,
				B9ED55952C21B77E00CC9D35 /* StorageManager.swift */,
				B96230922C2B55990034F64A /* BrevoManager.swift */,
				B9E2B7F82C2B75C300023DE8 /* Brevo.swift */,
				B9BB8EB02C43C15B00AD3CEC /* CurrentUserDataManager.swift */,
				B9358FED2C63B7180026AFA0 /* UserDataManager.swift */,
				B9AE67052D1192EC00148A24 /* PasswordManager.swift */,
			);
			path = Resources;
			sourceTree = "<group>";
		};
		B91B508E2C21A65500DC212E /* Models */ = {
			isa = PBXGroup;
			children = (
				B930612B2C246B5B001AA2A2 /* SettingsModel.swift */,
				B9AA62822C26077C00D35CD8 /* EditProfileFormModel.swift */,
				B97EE49E2C277BAC00B3CF6F /* UserModel.swift */,
				B9907BE02C2E81D800984BB3 /* EmailModel.swift */,
				B9BCCA942C3969AC0027405B /* UserNotificationModel.swift */,
				B933BD8A2C3BFEB1008D887D /* PostRenderViewModel.swift */,
				B9DE03CE2C3C358100662FFE /* HomeRenderViewModel.swift */,
				B9D2456A2D0F391D00AAF574 /* OTPTextField.swift */,
				B9A2E5A02D112E98002BB0DA /* OTPEmailModel.swift */,
				B9A2E5A22D114E3A002BB0DA /* OTPManager.swift */,
			);
			path = Models;
			sourceTree = "<group>";
		};
		B91B508F2C21A66000DC212E /* Views */ = {
			isa = PBXGroup;
			children = (
				B9E8B10E2C259F1900CBA09B /* Cells */,
				B91B50912C21A6EB00DC212E /* Storyboards */,
				B91B50822C21A61300DC212E /* Assets.xcassets */,
			);
			path = Views;
			sourceTree = "<group>";
		};
		B91B50902C21A66A00DC212E /* Controllers */ = {
			isa = PBXGroup;
			children = (
				B91B509A2C21A84300DC212E /* Core */,
				B91B509B2C21A8CC00DC212E /* Others */,
			);
			path = Controllers;
			sourceTree = "<group>";
		};
		B91B50912C21A6EB00DC212E /* Storyboards */ = {
			isa = PBXGroup;
			children = (
				B91B507F2C21A61200DC212E /* Main.storyboard */,
				B91B50842C21A61300DC212E /* LaunchScreen.storyboard */,
			);
			path = Storyboards;
			sourceTree = "<group>";
		};
		B91B509A2C21A84300DC212E /* Core */ = {
			isa = PBXGroup;
			children = (
				B91B507D2C21A61200DC212E /* HomeViewController.swift */,
				B91B50922C21A7C800DC212E /* ExploreViewController.swift */,
				B91B50942C21A7ED00DC212E /* UploadMediaViewController.swift */,
				B91B50962C21A7F800DC212E /* NotificationsViewController.swift */,
				B91B50982C21A80200DC212E /* ProfileViewController.swift */,
			);
			path = Core;
			sourceTree = "<group>";
		};
		B91B509B2C21A8CC00DC212E /* Others */ = {
			isa = PBXGroup;
			children = (
				B91B509C2C21A8EB00DC212E /* Onboarding */,
				B98194DA2C21B59000C7D62C /* General */,
			);
			path = Others;
			sourceTree = "<group>";
		};
		B91B509C2C21A8EB00DC212E /* Onboarding */ = {
			isa = PBXGroup;
			children = (
				B91B509D2C21A90400DC212E /* LoginViewController.swift */,
				B91B509F2C21A90F00DC212E /* RegisterViewController.swift */,
				B984836E2C24C4AE003570F3 /* SplashScreenViewController.swift */,
				B91300992D0F10190023324A /* OTPViewController.swift */,
			);
			path = Onboarding;
			sourceTree = "<group>";
		};
		B9358FEF2C63BD350026AFA0 /* UserProfileHeader */ = {
			isa = PBXGroup;
			children = (
				B9358FF22C63BD950026AFA0 /* UserProfileHeaderCollectionReusableView.swift */,
				B9358FF62C63BF250026AFA0 /* UserProfileHeaderCollectionReusableView.xib */,
			);
			path = UserProfileHeader;
			sourceTree = "<group>";
		};
		B959C4EC2C2A141E001C106E /* EditProfile */ = {
			isa = PBXGroup;
			children = (
				B94DF7432C260E0B00C8EE94 /* FormTableViewCell.swift */,
				B94DF7442C260E0B00C8EE94 /* FormTableViewCell.xib */,
			);
			path = EditProfile;
			sourceTree = "<group>";
		};
		B959C4ED2C2A1432001C106E /* ProfileCollection */ = {
			isa = PBXGroup;
			children = (
				B98FC0632C2815E5002B9194 /* ProfileCollectionViewCell.swift */,
				B98FC0642C2815E5002B9194 /* ProfileCollectionViewCell.xib */,
			);
			path = ProfileCollection;
			sourceTree = "<group>";
		};
		B959C4EE2C2A145C001C106E /* ListView */ = {
			isa = PBXGroup;
			children = (
				B959C4EF2C2A1494001C106E /* ListTableViewCell.swift */,
				B959C4F02C2A1494001C106E /* ListTableViewCell.xib */,
			);
			path = ListView;
			sourceTree = "<group>";
		};
		B97451222C3BF5AB00E9D63A /* PostView */ = {
			isa = PBXGroup;
			children = (
				B933BD782C3BFA9E008D887D /* PostHeaderTableViewCell.swift */,
				B933BD792C3BFA9E008D887D /* PostHeaderTableViewCell.xib */,
				B933BD7C2C3BFACF008D887D /* PostActionsTableViewCell.swift */,
				B933BD7D2C3BFACF008D887D /* PostActionsTableViewCell.xib */,
				B933BD802C3BFADF008D887D /* PostGeneralTableViewCell.swift */,
				B933BD812C3BFADF008D887D /* PostGeneralTableViewCell.xib */,
				B933BD842C3BFB9F008D887D /* PostTableViewCell.swift */,
				B933BD852C3BFB9F008D887D /* PostTableViewCell.xib */,
				B9CADB742C3E6B900023B7E8 /* PostLikesTableViewCell.swift */,
				B9CADB752C3E6B900023B7E8 /* PostLikesTableViewCell.xib */,
				B97AC6B72C3EC66F004C175E /* PostCaptionTableViewCell.swift */,
				B97AC6B82C3EC66F004C175E /* PostCaptionTableViewCell.xib */,
			);
			path = PostView;
			sourceTree = "<group>";
		};
		B97E45FA2C3FD90A00EB274E /* CommentsView */ = {
			isa = PBXGroup;
			children = (
				B97E45FB2C3FD93700EB274E /* CommentsHeaderTableViewCell.swift */,
				B97E45FC2C3FD93700EB274E /* CommentsHeaderTableViewCell.xib */,
			);
			path = CommentsView;
			sourceTree = "<group>";
		};
		B98194DA2C21B59000C7D62C /* General */ = {
			isa = PBXGroup;
			children = (
				B91B50A12C21A93300DC212E /* PostViewController.swift */,
				B91B50A32C21A96800DC212E /* EditProfileViewController.swift */,
				B91B50A52C21A98900DC212E /* SettingsViewController.swift */,
				B91B50A72C21A99600DC212E /* ListViewController.swift */,
				B91B50AB2C21A9CC00DC212E /* SearchResultViewController.swift */,
				B98B4DA72C3F17DB0020B9E6 /* CommentsViewController.swift */,
				B91861052C4050D000EE8BF7 /* CreatePostViewController.swift */,
				B94F80252C63AE4700D46349 /* UserProfileViewController.swift */,
			);
			path = General;
			sourceTree = "<group>";
		};
		B9951C7F2C64C6C400242FA6 /* SearchResult */ = {
			isa = PBXGroup;
			children = (
				B9951C802C64C6E600242FA6 /* SearchResultTableViewCell.swift */,
				B9951C812C64C6E600242FA6 /* SearchResultTableViewCell.xib */,
			);
			path = SearchResult;
			sourceTree = "<group>";
		};
		B99B432A2D0D559F0023B308 /* ProfileNoPosts */ = {
			isa = PBXGroup;
			children = (
				B99B43262D0D55970023B308 /* NoPostsYetCollectionReusableView.swift */,
				B99B43272D0D55970023B308 /* NoPostsYetCollectionReusableView.xib */,
			);
			path = ProfileNoPosts;
			sourceTree = "<group>";
		};
		B9DE03C92C3C2B0200662FFE /* HomeView */ = {
			isa = PBXGroup;
			children = (
				B9DE03CA2C3C2B3B00662FFE /* HomeLogoTableViewCell.swift */,
				B9DE03CB2C3C2B3B00662FFE /* HomeLogoTableViewCell.xib */,
				B97AC6AF2C3EB820004C175E /* HomeCommentsTableViewCell.swift */,
				B97AC6B02C3EB820004C175E /* HomeCommentsTableViewCell.xib */,
			);
			path = HomeView;
			sourceTree = "<group>";
		};
		B9E8B10E2C259F1900CBA09B /* Cells */ = {
			isa = PBXGroup;
			children = (
				B9951C7F2C64C6C400242FA6 /* SearchResult */,
				B9358FEF2C63BD350026AFA0 /* UserProfileHeader */,
				B9F16B3C2C401AF9002497D7 /* UploadCollectionView */,
				B97E45FA2C3FD90A00EB274E /* CommentsView */,
				B9DE03C92C3C2B0200662FFE /* HomeView */,
				B97451222C3BF5AB00E9D63A /* PostView */,
				B9152F032C31473D006B22D6 /* ProfileHeader */,
				B9152F082C3151C7006B22D6 /* ProfileTabs */,
				B959C4EE2C2A145C001C106E /* ListView */,
				B959C4EC2C2A141E001C106E /* EditProfile */,
				B959C4ED2C2A1432001C106E /* ProfileCollection */,
				B9013D272C33141900700932 /* Notifications */,
				B99B432A2D0D559F0023B308 /* ProfileNoPosts */,
				B90B78032D12DACE00BE8EF6 /* ToggleTableView */,
				B90B78082D13099900BE8EF6 /* SettingsSimple */,
			);
			path = Cells;
			sourceTree = "<group>";
		};
		B9F16B3C2C401AF9002497D7 /* UploadCollectionView */ = {
			isa = PBXGroup;
			children = (
				B9F16B3D2C401B28002497D7 /* UploadMediaCollectionViewCell.swift */,
				B9F16B3E2C401B28002497D7 /* UploadMediaCollectionViewCell.xib */,
			);
			path = UploadCollectionView;
			sourceTree = "<group>";
		};
/* End PBXGroup section */

/* Begin PBXNativeTarget section */
		B91B50752C21A61200DC212E /* Zephyr */ = {
			isa = PBXNativeTarget;
			buildConfigurationList = B91B508A2C21A61300DC212E /* Build configuration list for PBXNativeTarget "Zephyr" */;
			buildPhases = (
				B91B50722C21A61200DC212E /* Sources */,
				B91B50732C21A61200DC212E /* Frameworks */,
				B91B50742C21A61200DC212E /* Resources */,
			);
			buildRules = (
			);
			dependencies = (
			);
			name = Zephyr;
			packageProductDependencies = (
				B98194D02C21B08100C7D62C /* FirebaseAnalytics */,
				B98194D22C21B08100C7D62C /* FirebaseAuth */,
				B98194D42C21B08100C7D62C /* FirebaseCrashlytics */,
				B98194D62C21B08100C7D62C /* FirebaseDatabase */,
				B94357692C22EF5F00F52238 /* IQKeyboardManagerSwift */,
				B9C237442C235D7E00AAE120 /* FirebaseFirestore */,
				B98FC0682C2817BB002B9194 /* SDWebImage */,
				B98FC06A2C2817BB002B9194 /* SDWebImageMapKit */,
				B98FC06C2C2830D7002B9194 /* FirebaseStorage */,
				B99085D32C469B7B00605D25 /* SkeletonView */,
				B9F2535A2C4A1F3D00107CF6 /* NVActivityIndicatorView */,
				B9F2535C2C4A1F3D00107CF6 /* NVActivityIndicatorViewExtended */,
				B96096CA2C64FF30007F55C6 /* FirebaseMessaging */,
			);
			productName = Zephyr;
			productReference = B91B50762C21A61200DC212E /* Zephyr.app */;
			productType = "com.apple.product-type.application";
		};
/* End PBXNativeTarget section */

/* Begin PBXProject section */
		B91B506E2C21A61200DC212E /* Project object */ = {
			isa = PBXProject;
			attributes = {
				BuildIndependentTargetsInParallel = 1;
				LastSwiftUpdateCheck = 1540;
				LastUpgradeCheck = 1540;
				TargetAttributes = {
					B91B50752C21A61200DC212E = {
						CreatedOnToolsVersion = 15.4;
					};
				};
			};
			buildConfigurationList = B91B50712C21A61200DC212E /* Build configuration list for PBXProject "Zephyr" */;
			compatibilityVersion = "Xcode 14.0";
			developmentRegion = en;
			hasScannedForEncodings = 0;
			knownRegions = (
				en,
				Base,
			);
			mainGroup = B91B506D2C21A61200DC212E;
			packageReferences = (
				B98194CF2C21B08100C7D62C /* XCRemoteSwiftPackageReference "firebase-ios-sdk" */,
				B94357682C22EF5F00F52238 /* XCRemoteSwiftPackageReference "IQKeyboardManager" */,
				B98FC0672C2817BB002B9194 /* XCRemoteSwiftPackageReference "SDWebImage" */,
				B99085D22C469B7B00605D25 /* XCRemoteSwiftPackageReference "SkeletonView" */,
				B9F253592C4A1F3D00107CF6 /* XCRemoteSwiftPackageReference "NVActivityIndicatorView" */,
			);
			productRefGroup = B91B50772C21A61200DC212E /* Products */;
			projectDirPath = "";
			projectRoot = "";
			targets = (
				B91B50752C21A61200DC212E /* Zephyr */,
			);
		};
/* End PBXProject section */

/* Begin PBXResourcesBuildPhase section */
		B91B50742C21A61200DC212E /* Resources */ = {
			isa = PBXResourcesBuildPhase;
			buildActionMask = 2147483647;
			files = (
				B9F16B402C401B28002497D7 /* UploadMediaCollectionViewCell.xib in Resources */,
				B9951C822C64C6E600242FA6 /* SearchResultTableViewCell.xib in Resources */,
				B933BD7F2C3BFACF008D887D /* PostActionsTableViewCell.xib in Resources */,
				B9152F062C314780006B22D6 /* ProfileHeaderCollectionReusableView.xib in Resources */,
				B96C7CD72C343CDC00D5FAB5 /* NotificationFollowTableViewCell.xib in Resources */,
				B91B50832C21A61300DC212E /* Assets.xcassets in Resources */,
				B99B43282D0D55970023B308 /* NoPostsYetCollectionReusableView.xib in Resources */,
				B98194D92C21B10600C7D62C /* GoogleService-Info.plist in Resources */,
				B9152F0D2C315209006B22D6 /* ProfileTabsCollectionReusableView.xib in Resources */,
				B97AC6BA2C3EC66F004C175E /* PostCaptionTableViewCell.xib in Resources */,
				B97AC6B22C3EB820004C175E /* HomeCommentsTableViewCell.xib in Resources */,
				B933BD872C3BFB9F008D887D /* PostTableViewCell.xib in Resources */,
				B9DE03CC2C3C2B3B00662FFE /* HomeLogoTableViewCell.xib in Resources */,
				B97E45FE2C3FD93700EB274E /* CommentsHeaderTableViewCell.xib in Resources */,
				B92505632D059D17009F9D46 /* ViewUserProfileTabsCollectionReusableView.xib in Resources */,
				B933BD832C3BFADF008D887D /* PostGeneralTableViewCell.xib in Resources */,
				B9CADB762C3E6B900023B7E8 /* PostLikesTableViewCell.xib in Resources */,
				B98FC0652C2815E5002B9194 /* ProfileCollectionViewCell.xib in Resources */,
				B90B78072D13099400BE8EF6 /* SettingsSimpleTableViewCell.xib in Resources */,
				B933BD7B2C3BFA9E008D887D /* PostHeaderTableViewCell.xib in Resources */,
				B94DF7452C260E0B00C8EE94 /* FormTableViewCell.xib in Resources */,
				B9358FF72C63BF250026AFA0 /* UserProfileHeaderCollectionReusableView.xib in Resources */,
				B90B78022D12DAC100BE8EF6 /* ToggleTableViewCell.xib in Resources */,
				B91B50862C21A61300DC212E /* Base in Resources */,
				B959C4F12C2A1494001C106E /* ListTableViewCell.xib in Resources */,
				B91B50812C21A61200DC212E /* Base in Resources */,
				B9013D262C33141000700932 /* NotificationLikeTableViewCell.xib in Resources */,
			);
			runOnlyForDeploymentPostprocessing = 0;
		};
/* End PBXResourcesBuildPhase section */

/* Begin PBXSourcesBuildPhase section */
		B91B50722C21A61200DC212E /* Sources */ = {
			isa = PBXSourcesBuildPhase;
			buildActionMask = 2147483647;
			files = (
				B91861072C4050D000EE8BF7 /* CreatePostViewController.swift in Sources */,
				B9D2456B2D0F391D00AAF574 /* OTPTextField.swift in Sources */,
				B98FC0662C2815E5002B9194 /* ProfileCollectionViewCell.swift in Sources */,
				B91B50A42C21A96800DC212E /* EditProfileViewController.swift in Sources */,
				B97AC6B92C3EC66F004C175E /* PostCaptionTableViewCell.swift in Sources */,
				B91B50A02C21A90F00DC212E /* RegisterViewController.swift in Sources */,
				B9A2E5A12D112E98002BB0DA /* OTPEmailModel.swift in Sources */,
				B9AE67062D1192EC00148A24 /* PasswordManager.swift in Sources */,
				B930612C2C246B5B001AA2A2 /* SettingsModel.swift in Sources */,
				B984836F2C24C4AE003570F3 /* SplashScreenViewController.swift in Sources */,
				B9DE03CD2C3C2B3B00662FFE /* HomeLogoTableViewCell.swift in Sources */,
				B933BD7E2C3BFACF008D887D /* PostActionsTableViewCell.swift in Sources */,
				B92505622D059D17009F9D46 /* ViewUserProfileTabsCollectionReusableView.swift in Sources */,
				B96C7CD82C343CDC00D5FAB5 /* NotificationFollowTableViewCell.swift in Sources */,
				B9013D252C33141000700932 /* NotificationLikeTableViewCell.swift in Sources */,
				B91B50932C21A7C800DC212E /* ExploreViewController.swift in Sources */,
				B91B50952C21A7ED00DC212E /* UploadMediaViewController.swift in Sources */,
				B9152F072C314780006B22D6 /* ProfileHeaderCollectionReusableView.swift in Sources */,
				B9BB8EB12C43C15B00AD3CEC /* CurrentUserDataManager.swift in Sources */,
				B91B507E2C21A61200DC212E /* HomeViewController.swift in Sources */,
				B9AA62832C26077C00D35CD8 /* EditProfileFormModel.swift in Sources */,
				B96230932C2B55990034F64A /* BrevoManager.swift in Sources */,
				B933BD8B2C3BFEB1008D887D /* PostRenderViewModel.swift in Sources */,
				B94F80262C63AE4700D46349 /* UserProfileViewController.swift in Sources */,
				B9ED55962C21B77E00CC9D35 /* StorageManager.swift in Sources */,
				B91B50A22C21A93300DC212E /* PostViewController.swift in Sources */,
				B98194DC2C21B65600C7D62C /* DatabaseManager.swift in Sources */,
				B9358FF52C63BD950026AFA0 /* UserProfileHeaderCollectionReusableView.swift in Sources */,
				B91B50972C21A7F800DC212E /* NotificationsViewController.swift in Sources */,
				B959C4F22C2A1494001C106E /* ListTableViewCell.swift in Sources */,
				B95DABCE2C22E34C00BB478F /* Constants.swift in Sources */,
				B9BCCA952C3969AC0027405B /* UserNotificationModel.swift in Sources */,
				B9152F0E2C315209006B22D6 /* ProfileTabsCollectionReusableView.swift in Sources */,
				B9DE03CF2C3C358100662FFE /* HomeRenderViewModel.swift in Sources */,
				B933BD7A2C3BFA9E008D887D /* PostHeaderTableViewCell.swift in Sources */,
				B9F16B3F2C401B28002497D7 /* UploadMediaCollectionViewCell.swift in Sources */,
				B91B50AC2C21A9CC00DC212E /* SearchResultViewController.swift in Sources */,
				B91B509E2C21A90400DC212E /* LoginViewController.swift in Sources */,
				B9358FEE2C63B7180026AFA0 /* UserDataManager.swift in Sources */,
				B98B4DA82C3F17DB0020B9E6 /* CommentsViewController.swift in Sources */,
				B933BD862C3BFB9F008D887D /* PostTableViewCell.swift in Sources */,
				B94DF7462C260E0B00C8EE94 /* FormTableViewCell.swift in Sources */,
				B9CADB772C3E6B900023B7E8 /* PostLikesTableViewCell.swift in Sources */,
				B9E2B7F92C2B75C300023DE8 /* Brevo.swift in Sources */,
				B91B50992C21A80200DC212E /* ProfileViewController.swift in Sources */,
				B9ED55942C21B72200CC9D35 /* AuthManager.swift in Sources */,
				B9951C832C64C6E600242FA6 /* SearchResultTableViewCell.swift in Sources */,
				B91B507A2C21A61200DC212E /* AppDelegate.swift in Sources */,
				B933BD822C3BFADF008D887D /* PostGeneralTableViewCell.swift in Sources */,
				B90B78012D12DAC100BE8EF6 /* ToggleTableViewCell.swift in Sources */,
				B91B507C2C21A61200DC212E /* SceneDelegate.swift in Sources */,
				B97E45FD2C3FD93700EB274E /* CommentsHeaderTableViewCell.swift in Sources */,
				B90B78062D13099400BE8EF6 /* SettingsSimpleTableViewCell.swift in Sources */,
				B91B50A82C21A99600DC212E /* ListViewController.swift in Sources */,
				B99B43292D0D55970023B308 /* NoPostsYetCollectionReusableView.swift in Sources */,
				B913009A2D0F10190023324A /* OTPViewController.swift in Sources */,
				B9907BE12C2E81D800984BB3 /* EmailModel.swift in Sources */,
				B97EE49F2C277BAC00B3CF6F /* UserModel.swift in Sources */,
				B97AC6B12C3EB820004C175E /* HomeCommentsTableViewCell.swift in Sources */,
				B91B50A62C21A98900DC212E /* SettingsViewController.swift in Sources */,
				B9A2E5A32D114E3A002BB0DA /* OTPManager.swift in Sources */,
			);
			runOnlyForDeploymentPostprocessing = 0;
		};
/* End PBXSourcesBuildPhase section */

/* Begin PBXVariantGroup section */
		B91B507F2C21A61200DC212E /* Main.storyboard */ = {
			isa = PBXVariantGroup;
			children = (
				B91B50802C21A61200DC212E /* Base */,
			);
			name = Main.storyboard;
			sourceTree = "<group>";
		};
		B91B50842C21A61300DC212E /* LaunchScreen.storyboard */ = {
			isa = PBXVariantGroup;
			children = (
				B91B50852C21A61300DC212E /* Base */,
			);
			name = LaunchScreen.storyboard;
			sourceTree = "<group>";
		};
/* End PBXVariantGroup section */

/* Begin XCBuildConfiguration section */
		B91B50882C21A61300DC212E /* Debug */ = {
			isa = XCBuildConfiguration;
			buildSettings = {
				ALWAYS_SEARCH_USER_PATHS = NO;
				ASSETCATALOG_COMPILER_GENERATE_SWIFT_ASSET_SYMBOL_EXTENSIONS = YES;
				CLANG_ANALYZER_NONNULL = YES;
				CLANG_ANALYZER_NUMBER_OBJECT_CONVERSION = YES_AGGRESSIVE;
				CLANG_CXX_LANGUAGE_STANDARD = "gnu++20";
				CLANG_ENABLE_MODULES = YES;
				CLANG_ENABLE_OBJC_ARC = YES;
				CLANG_ENABLE_OBJC_WEAK = YES;
				CLANG_WARN_BLOCK_CAPTURE_AUTORELEASING = YES;
				CLANG_WARN_BOOL_CONVERSION = YES;
				CLANG_WARN_COMMA = YES;
				CLANG_WARN_CONSTANT_CONVERSION = YES;
				CLANG_WARN_DEPRECATED_OBJC_IMPLEMENTATIONS = YES;
				CLANG_WARN_DIRECT_OBJC_ISA_USAGE = YES_ERROR;
				CLANG_WARN_DOCUMENTATION_COMMENTS = YES;
				CLANG_WARN_EMPTY_BODY = YES;
				CLANG_WARN_ENUM_CONVERSION = YES;
				CLANG_WARN_INFINITE_RECURSION = YES;
				CLANG_WARN_INT_CONVERSION = YES;
				CLANG_WARN_NON_LITERAL_NULL_CONVERSION = YES;
				CLANG_WARN_OBJC_IMPLICIT_RETAIN_SELF = YES;
				CLANG_WARN_OBJC_LITERAL_CONVERSION = YES;
				CLANG_WARN_OBJC_ROOT_CLASS = YES_ERROR;
				CLANG_WARN_QUOTED_INCLUDE_IN_FRAMEWORK_HEADER = YES;
				CLANG_WARN_RANGE_LOOP_ANALYSIS = YES;
				CLANG_WARN_STRICT_PROTOTYPES = YES;
				CLANG_WARN_SUSPICIOUS_MOVE = YES;
				CLANG_WARN_UNGUARDED_AVAILABILITY = YES_AGGRESSIVE;
				CLANG_WARN_UNREACHABLE_CODE = YES;
				CLANG_WARN__DUPLICATE_METHOD_MATCH = YES;
				COPY_PHASE_STRIP = NO;
				DEBUG_INFORMATION_FORMAT = dwarf;
				ENABLE_STRICT_OBJC_MSGSEND = YES;
				ENABLE_TESTABILITY = YES;
				ENABLE_USER_SCRIPT_SANDBOXING = YES;
				GCC_C_LANGUAGE_STANDARD = gnu17;
				GCC_DYNAMIC_NO_PIC = NO;
				GCC_NO_COMMON_BLOCKS = YES;
				GCC_OPTIMIZATION_LEVEL = 0;
				GCC_PREPROCESSOR_DEFINITIONS = (
					"DEBUG=1",
					"$(inherited)",
				);
				GCC_WARN_64_TO_32_BIT_CONVERSION = YES;
				GCC_WARN_ABOUT_RETURN_TYPE = YES_ERROR;
				GCC_WARN_UNDECLARED_SELECTOR = YES;
				GCC_WARN_UNINITIALIZED_AUTOS = YES_AGGRESSIVE;
				GCC_WARN_UNUSED_FUNCTION = YES;
				GCC_WARN_UNUSED_VARIABLE = YES;
				IPHONEOS_DEPLOYMENT_TARGET = 17.5;
				LOCALIZATION_PREFERS_STRING_CATALOGS = YES;
				MTL_ENABLE_DEBUG_INFO = INCLUDE_SOURCE;
				MTL_FAST_MATH = YES;
				ONLY_ACTIVE_ARCH = YES;
				SDKROOT = iphoneos;
				SWIFT_ACTIVE_COMPILATION_CONDITIONS = "DEBUG $(inherited)";
				SWIFT_OPTIMIZATION_LEVEL = "-Onone";
			};
			name = Debug;
		};
		B91B50892C21A61300DC212E /* Release */ = {
			isa = XCBuildConfiguration;
			buildSettings = {
				ALWAYS_SEARCH_USER_PATHS = NO;
				ASSETCATALOG_COMPILER_GENERATE_SWIFT_ASSET_SYMBOL_EXTENSIONS = YES;
				CLANG_ANALYZER_NONNULL = YES;
				CLANG_ANALYZER_NUMBER_OBJECT_CONVERSION = YES_AGGRESSIVE;
				CLANG_CXX_LANGUAGE_STANDARD = "gnu++20";
				CLANG_ENABLE_MODULES = YES;
				CLANG_ENABLE_OBJC_ARC = YES;
				CLANG_ENABLE_OBJC_WEAK = YES;
				CLANG_WARN_BLOCK_CAPTURE_AUTORELEASING = YES;
				CLANG_WARN_BOOL_CONVERSION = YES;
				CLANG_WARN_COMMA = YES;
				CLANG_WARN_CONSTANT_CONVERSION = YES;
				CLANG_WARN_DEPRECATED_OBJC_IMPLEMENTATIONS = YES;
				CLANG_WARN_DIRECT_OBJC_ISA_USAGE = YES_ERROR;
				CLANG_WARN_DOCUMENTATION_COMMENTS = YES;
				CLANG_WARN_EMPTY_BODY = YES;
				CLANG_WARN_ENUM_CONVERSION = YES;
				CLANG_WARN_INFINITE_RECURSION = YES;
				CLANG_WARN_INT_CONVERSION = YES;
				CLANG_WARN_NON_LITERAL_NULL_CONVERSION = YES;
				CLANG_WARN_OBJC_IMPLICIT_RETAIN_SELF = YES;
				CLANG_WARN_OBJC_LITERAL_CONVERSION = YES;
				CLANG_WARN_OBJC_ROOT_CLASS = YES_ERROR;
				CLANG_WARN_QUOTED_INCLUDE_IN_FRAMEWORK_HEADER = YES;
				CLANG_WARN_RANGE_LOOP_ANALYSIS = YES;
				CLANG_WARN_STRICT_PROTOTYPES = YES;
				CLANG_WARN_SUSPICIOUS_MOVE = YES;
				CLANG_WARN_UNGUARDED_AVAILABILITY = YES_AGGRESSIVE;
				CLANG_WARN_UNREACHABLE_CODE = YES;
				CLANG_WARN__DUPLICATE_METHOD_MATCH = YES;
				COPY_PHASE_STRIP = NO;
				DEBUG_INFORMATION_FORMAT = "dwarf-with-dsym";
				ENABLE_NS_ASSERTIONS = NO;
				ENABLE_STRICT_OBJC_MSGSEND = YES;
				ENABLE_USER_SCRIPT_SANDBOXING = YES;
				GCC_C_LANGUAGE_STANDARD = gnu17;
				GCC_NO_COMMON_BLOCKS = YES;
				GCC_WARN_64_TO_32_BIT_CONVERSION = YES;
				GCC_WARN_ABOUT_RETURN_TYPE = YES_ERROR;
				GCC_WARN_UNDECLARED_SELECTOR = YES;
				GCC_WARN_UNINITIALIZED_AUTOS = YES_AGGRESSIVE;
				GCC_WARN_UNUSED_FUNCTION = YES;
				GCC_WARN_UNUSED_VARIABLE = YES;
				IPHONEOS_DEPLOYMENT_TARGET = 17.5;
				LOCALIZATION_PREFERS_STRING_CATALOGS = YES;
				MTL_ENABLE_DEBUG_INFO = NO;
				MTL_FAST_MATH = YES;
				SDKROOT = iphoneos;
				SWIFT_COMPILATION_MODE = wholemodule;
				VALIDATE_PRODUCT = YES;
			};
			name = Release;
		};
		B91B508B2C21A61300DC212E /* Debug */ = {
			isa = XCBuildConfiguration;
			buildSettings = {
				ASSETCATALOG_COMPILER_APPICON_NAME = AppIcon;
				ASSETCATALOG_COMPILER_GLOBAL_ACCENT_COLOR_NAME = AccentColor;
				CODE_SIGN_IDENTITY = "Apple Development";
				CODE_SIGN_STYLE = Automatic;
				CURRENT_PROJECT_VERSION = 1;
				DEVELOPMENT_TEAM = 2TSUVG2N5M;
				GENERATE_INFOPLIST_FILE = YES;
				INFOPLIST_FILE = Zephyr/Info.plist;
				INFOPLIST_KEY_UIApplicationSupportsIndirectInputEvents = YES;
				INFOPLIST_KEY_UILaunchStoryboardName = LaunchScreen;
				INFOPLIST_KEY_UIMainStoryboardFile = Main;
				INFOPLIST_KEY_UIRequiresFullScreen = NO;
				INFOPLIST_KEY_UISupportedInterfaceOrientations = "UIInterfaceOrientationPortrait UIInterfaceOrientationPortraitUpsideDown";
				IPHONEOS_DEPLOYMENT_TARGET = 18.0;
				LD_RUNPATH_SEARCH_PATHS = (
					"$(inherited)",
					"@executable_path/Frameworks",
				);
				MARKETING_VERSION = 1.0;
				PRODUCT_BUNDLE_IDENTIFIER = com.eclipse.Zephyr;
				PRODUCT_NAME = "$(TARGET_NAME)";
				PROVISIONING_PROFILE_SPECIFIER = "";
				SWIFT_EMIT_LOC_STRINGS = YES;
				SWIFT_VERSION = 5.0;
				TARGETED_DEVICE_FAMILY = "1,2";
			};
			name = Debug;
		};
		B91B508C2C21A61300DC212E /* Release */ = {
			isa = XCBuildConfiguration;
			buildSettings = {
				ASSETCATALOG_COMPILER_APPICON_NAME = AppIcon;
				ASSETCATALOG_COMPILER_GLOBAL_ACCENT_COLOR_NAME = AccentColor;
				CODE_SIGN_IDENTITY = "Apple Development";
				CODE_SIGN_STYLE = Automatic;
				CURRENT_PROJECT_VERSION = 1;
				DEVELOPMENT_TEAM = 2TSUVG2N5M;
				GENERATE_INFOPLIST_FILE = YES;
				INFOPLIST_FILE = Zephyr/Info.plist;
				INFOPLIST_KEY_UIApplicationSupportsIndirectInputEvents = YES;
				INFOPLIST_KEY_UILaunchStoryboardName = LaunchScreen;
				INFOPLIST_KEY_UIMainStoryboardFile = Main;
				INFOPLIST_KEY_UIRequiresFullScreen = NO;
				INFOPLIST_KEY_UISupportedInterfaceOrientations = "UIInterfaceOrientationPortrait UIInterfaceOrientationPortraitUpsideDown";
				IPHONEOS_DEPLOYMENT_TARGET = 18.0;
				LD_RUNPATH_SEARCH_PATHS = (
					"$(inherited)",
					"@executable_path/Frameworks",
				);
				MARKETING_VERSION = 1.0;
				PRODUCT_BUNDLE_IDENTIFIER = com.eclipse.Zephyr;
				PRODUCT_NAME = "$(TARGET_NAME)";
				PROVISIONING_PROFILE_SPECIFIER = "";
				SWIFT_EMIT_LOC_STRINGS = YES;
				SWIFT_VERSION = 5.0;
				TARGETED_DEVICE_FAMILY = "1,2";
			};
			name = Release;
		};
/* End XCBuildConfiguration section */

/* Begin XCConfigurationList section */
		B91B50712C21A61200DC212E /* Build configuration list for PBXProject "Zephyr" */ = {
			isa = XCConfigurationList;
			buildConfigurations = (
				B91B50882C21A61300DC212E /* Debug */,
				B91B50892C21A61300DC212E /* Release */,
			);
			defaultConfigurationIsVisible = 0;
			defaultConfigurationName = Release;
		};
		B91B508A2C21A61300DC212E /* Build configuration list for PBXNativeTarget "Zephyr" */ = {
			isa = XCConfigurationList;
			buildConfigurations = (
				B91B508B2C21A61300DC212E /* Debug */,
				B91B508C2C21A61300DC212E /* Release */,
			);
			defaultConfigurationIsVisible = 0;
			defaultConfigurationName = Release;
		};
/* End XCConfigurationList section */

/* Begin XCRemoteSwiftPackageReference section */
		B94357682C22EF5F00F52238 /* XCRemoteSwiftPackageReference "IQKeyboardManager" */ = {
			isa = XCRemoteSwiftPackageReference;
			repositoryURL = "https://github.com/hackiftekhar/IQKeyboardManager.git";
			requirement = {
				kind = upToNextMajorVersion;
				minimumVersion = 7.0.3;
			};
		};
		B98194CF2C21B08100C7D62C /* XCRemoteSwiftPackageReference "firebase-ios-sdk" */ = {
			isa = XCRemoteSwiftPackageReference;
			repositoryURL = "https://github.com/firebase/firebase-ios-sdk.git";
			requirement = {
				kind = upToNextMajorVersion;
				minimumVersion = 10.28.0;
			};
		};
		B98FC0672C2817BB002B9194 /* XCRemoteSwiftPackageReference "SDWebImage" */ = {
			isa = XCRemoteSwiftPackageReference;
			repositoryURL = "https://github.com/SDWebImage/SDWebImage";
			requirement = {
				kind = upToNextMajorVersion;
				minimumVersion = 5.19.3;
			};
		};
		B99085D22C469B7B00605D25 /* XCRemoteSwiftPackageReference "SkeletonView" */ = {
			isa = XCRemoteSwiftPackageReference;
			repositoryURL = "https://github.com/Juanpe/SkeletonView";
			requirement = {
				kind = upToNextMajorVersion;
				minimumVersion = 1.31.0;
			};
		};
		B9F253592C4A1F3D00107CF6 /* XCRemoteSwiftPackageReference "NVActivityIndicatorView" */ = {
			isa = XCRemoteSwiftPackageReference;
			repositoryURL = "https://github.com/ninjaprox/NVActivityIndicatorView";
			requirement = {
				kind = upToNextMajorVersion;
				minimumVersion = 5.2.0;
			};
		};
/* End XCRemoteSwiftPackageReference section */

/* Begin XCSwiftPackageProductDependency section */
		B94357692C22EF5F00F52238 /* IQKeyboardManagerSwift */ = {
			isa = XCSwiftPackageProductDependency;
			package = B94357682C22EF5F00F52238 /* XCRemoteSwiftPackageReference "IQKeyboardManager" */;
			productName = IQKeyboardManagerSwift;
		};
		B96096CA2C64FF30007F55C6 /* FirebaseMessaging */ = {
			isa = XCSwiftPackageProductDependency;
			package = B98194CF2C21B08100C7D62C /* XCRemoteSwiftPackageReference "firebase-ios-sdk" */;
			productName = FirebaseMessaging;
		};
		B98194D02C21B08100C7D62C /* FirebaseAnalytics */ = {
			isa = XCSwiftPackageProductDependency;
			package = B98194CF2C21B08100C7D62C /* XCRemoteSwiftPackageReference "firebase-ios-sdk" */;
			productName = FirebaseAnalytics;
		};
		B98194D22C21B08100C7D62C /* FirebaseAuth */ = {
			isa = XCSwiftPackageProductDependency;
			package = B98194CF2C21B08100C7D62C /* XCRemoteSwiftPackageReference "firebase-ios-sdk" */;
			productName = FirebaseAuth;
		};
		B98194D42C21B08100C7D62C /* FirebaseCrashlytics */ = {
			isa = XCSwiftPackageProductDependency;
			package = B98194CF2C21B08100C7D62C /* XCRemoteSwiftPackageReference "firebase-ios-sdk" */;
			productName = FirebaseCrashlytics;
		};
		B98194D62C21B08100C7D62C /* FirebaseDatabase */ = {
			isa = XCSwiftPackageProductDependency;
			package = B98194CF2C21B08100C7D62C /* XCRemoteSwiftPackageReference "firebase-ios-sdk" */;
			productName = FirebaseDatabase;
		};
		B98FC0682C2817BB002B9194 /* SDWebImage */ = {
			isa = XCSwiftPackageProductDependency;
			package = B98FC0672C2817BB002B9194 /* XCRemoteSwiftPackageReference "SDWebImage" */;
			productName = SDWebImage;
		};
		B98FC06A2C2817BB002B9194 /* SDWebImageMapKit */ = {
			isa = XCSwiftPackageProductDependency;
			package = B98FC0672C2817BB002B9194 /* XCRemoteSwiftPackageReference "SDWebImage" */;
			productName = SDWebImageMapKit;
		};
		B98FC06C2C2830D7002B9194 /* FirebaseStorage */ = {
			isa = XCSwiftPackageProductDependency;
			package = B98194CF2C21B08100C7D62C /* XCRemoteSwiftPackageReference "firebase-ios-sdk" */;
			productName = FirebaseStorage;
		};
		B99085D32C469B7B00605D25 /* SkeletonView */ = {
			isa = XCSwiftPackageProductDependency;
			package = B99085D22C469B7B00605D25 /* XCRemoteSwiftPackageReference "SkeletonView" */;
			productName = SkeletonView;
		};
		B9C237442C235D7E00AAE120 /* FirebaseFirestore */ = {
			isa = XCSwiftPackageProductDependency;
			package = B98194CF2C21B08100C7D62C /* XCRemoteSwiftPackageReference "firebase-ios-sdk" */;
			productName = FirebaseFirestore;
		};
		B9F2535A2C4A1F3D00107CF6 /* NVActivityIndicatorView */ = {
			isa = XCSwiftPackageProductDependency;
			package = B9F253592C4A1F3D00107CF6 /* XCRemoteSwiftPackageReference "NVActivityIndicatorView" */;
			productName = NVActivityIndicatorView;
		};
		B9F2535C2C4A1F3D00107CF6 /* NVActivityIndicatorViewExtended */ = {
			isa = XCSwiftPackageProductDependency;
			package = B9F253592C4A1F3D00107CF6 /* XCRemoteSwiftPackageReference "NVActivityIndicatorView" */;
			productName = NVActivityIndicatorViewExtended;
		};
/* End XCSwiftPackageProductDependency section */
	};
	rootObject = B91B506E2C21A61200DC212E /* Project object */;
}
